<?xml version="1.0" encoding="utf-8"?>
<Project ToolsVersion="4.0" xmlns="http://schemas.microsoft.com/developer/msbuild/2003">
  <ItemGroup>
    <Filter Include="Resource Files">
      <UniqueIdentifier>{67DA6AB6-F800-4c08-8B7A-83BB121AAD01}</UniqueIdentifier>
      <Extensions>rc;ico;cur;bmp;dlg;rc2;rct;bin;rgs;gif;jpg;jpeg;jpe;resx;tiff;tif;png;wav;mfcribbon-ms</Extensions>
    </Filter>
    <Filter Include="Loaders">
      <UniqueIdentifier>{aa8d51fe-b0a3-40ae-9931-49247c800f04}</UniqueIdentifier>
    </Filter>
    <Filter Include="PCH">
      <UniqueIdentifier>{698367dd-37d3-421e-a39d-22c29b194660}</UniqueIdentifier>
    </Filter>
    <Filter Include="Formats">
      <UniqueIdentifier>{2ae6f143-0468-45d2-83b5-c316a686302d}</UniqueIdentifier>
    </Filter>
    <Filter Include="GraphicsDeviceManager">
      <UniqueIdentifier>{feaedcaa-5182-47e1-ab0a-44b3a7aa6a07}</UniqueIdentifier>
    </Filter>
    <Filter Include="SceneComponent">
      <UniqueIdentifier>{8851198d-19e3-431a-81ea-8726ea507ba3}</UniqueIdentifier>
    </Filter>
    <Filter Include="Timers">
      <UniqueIdentifier>{b868d68d-e493-4c31-a529-412506869fc0}</UniqueIdentifier>
    </Filter>
    <Filter Include="Scene">
      <UniqueIdentifier>{2f20f239-cd85-49a0-a3f1-4e20bd428d2d}</UniqueIdentifier>
    </Filter>
  </ItemGroup>
  <ItemGroup>
    <ClCompile Include="BasicLoader.cpp">
      <Filter>Loaders</Filter>
    </ClCompile>
    <ClCompile Include="BasicReaderWriter.cpp">
      <Filter>Loaders</Filter>
    </ClCompile>
    <ClCompile Include="DDSTextureLoader.cpp">
      <Filter>Loaders</Filter>
    </ClCompile>
    <ClCompile Include="pch.cpp">
      <Filter>PCH</Filter>
    </ClCompile>
    <ClCompile Include="GraphicsDeviceManager.cpp">
      <Filter>GraphicsDeviceManager</Filter>
    </ClCompile>
    <ClCompile Include="SceneComponent.cpp">
      <Filter>SceneComponent</Filter>
    </ClCompile>
    <ClCompile Include="PerfTimer.cpp">
      <Filter>Timers</Filter>
    </ClCompile>
    <ClCompile Include="RunTimer.cpp">
      <Filter>Timers</Filter>
    </ClCompile>
    <ClCompile Include="Scene.cpp">
      <Filter>Scene</Filter>
    </ClCompile>
  </ItemGroup>
  <ItemGroup>
    <ClInclude Include="BasicLoader.h">
      <Filter>Loaders</Filter>
    </ClInclude>
    <ClInclude Include="BasicReaderWriter.h">
      <Filter>Loaders</Filter>
    </ClInclude>
    <ClInclude Include="DDSTextureLoader.h">
      <Filter>Loaders</Filter>
    </ClInclude>
    <ClInclude Include="pch.h">
      <Filter>PCH</Filter>
    </ClInclude>
    <ClInclude Include="VertexFormats.h">
      <Filter>Formats</Filter>
    </ClInclude>
    <ClInclude Include="ConstantBufferFormats.h">
      <Filter>Formats</Filter>
    </ClInclude>
    <ClInclude Include="GraphicsDeviceManager.h">
      <Filter>GraphicsDeviceManager</Filter>
    </ClInclude>
    <ClInclude Include="SceneComponent.h">
      <Filter>SceneComponent</Filter>
    </ClInclude>
    <ClInclude Include="PerfTimer.h">
      <Filter>Timers</Filter>
    </ClInclude>
    <ClInclude Include="RunTimer.h">
      <Filter>Timers</Filter>
    </ClInclude>
    <ClInclude Include="IComponent.h">
      <Filter>SceneComponent</Filter>
    </ClInclude>
    <ClInclude Include="Scene.h">
      <Filter>Scene</Filter>
    </ClInclude>
    <ClInclude Include="SceneTime.h">
      <Filter>Scene</Filter>
    </ClInclude>
    <ClInclude Include="targetver.h">
      <Filter>PCH</Filter>
    </ClInclude>
  </ItemGroup>
  <ItemGroup>
    <None Include="Inlines.inl" />
  </ItemGroup>
</Project>